github.com/cathalgarvey/fmtless v0.0.0-20160509115409-5077ea938891 h1:xI+8e6zab6gwsycpo0sENGYF8DmagNYnyOxpRhnA1eE=
github.com/cathalgarvey/fmtless v0.0.0-20160509115409-5077ea938891/go.mod h1:47i2Tts0Ndudv8RXhALRmYzK4gB8Qh39wOGy5H9FIOU=
github.com/davecgh/go-spew v1.1.0 h1:ZDRjVQ15GmhC3fiQ8ni8+OwkZQO4DARzQgrnXU1Liz8=
github.com/davecgh/go-spew v1.1.0/go.mod h1:J7Y8YcW2NihsgmVo/mv3lAwl/skON4iLHjSsI+c5H38=
github.com/gopherjs/gopherjs v0.0.0-20180825215210-0210a2f0f73c/go.mod h1:wJfORRmW1u3UXTncJ5qlYoELFm8eSnnEO6hX4iZ3EWY=
github.com/gopherjs/gopherjs v0.0.0-20181017120253-0766667cb4d1 h1:EGx4pi6eqNxGaHF6qqu48+N2wcFQ5qg5FXgOdqsJ5d8=
github.com/gopherjs/gopherjs v0.0.0-20181017120253-0766667cb4d1/go.mod h1:wJfORRmW1u3UXTncJ5qlYoELFm8eSnnEO6hX4iZ3EWY=
github.com/gopherjs/gopherwasm v1.1.0 h1:fA2uLoctU5+T3OhOn2vYP0DVT6pxc7xhTlBB1paATqQ=
github.com/gopherjs/gopherwasm v1.1.0/go.mod h1:SkZ8z7CWBz5VXbhJel8TxCmAcsQqzgWGR/8nMhyhZSI=
github.com/gopherjs/vecty v0.0.0-20180525005238-a3bd138280bf h1:J7WjKCdpxMhXDzFPP6d41YonnCnPi1JkYOFxIPoH1E0=
github.com/gopherjs/vecty v0.0.0-20180525005238-a3bd138280bf/go.mod h1:5YRDuy7i7SgM0kL+0b5oq+jfDTqPyzV3TQbcDkBvcoE=
github.com/gopherjs/vecty v0.0.0-20190701082209-875bd2cf9be0 h1:DnOJ0IM86UYfyLeDjvm/ea+mEGafqucvDdz7CDnA0zw=
github.com/gopherjs/vecty v0.0.0-20190701082209-875bd2cf9be0/go.mod h1:Yd9AOfl6lN1BWnVnvaSBwKiTCAcnlIGGvdsODOOZ9RY=
github.com/pmezard/go-difflib v1.0.0 h1:4DBwDE0NGyQoBHbLQYPwSUPoCMWR5BEzIk/f1lZbAQM=
github.com/pmezard/go-difflib v1.0.0/go.mod h1:iKH77koFhYxTK1pcRnkKkqfTogsbg7gZNVY4sRDYZ/4=
github.com/stretchr/objx v0.1.0/go.mod h1:HFkY916IF+rwdDfMAkV7OtwuqBVzrE8GR6GFx+wExME=
github.com/stretchr/testify v1.3.0 h1:TivCn/peBQ7UY8ooIcPgZFpTNSz0Q2U6UrFlUfqbe0Q=
github.com/stretchr/testify v1.3.0/go.mod h1:M5WIy9Dh21IEIfnGCwXGc5bZfKNJtfHm1UVUgZn+9EI=
